
Microsoft Visual Studio Solution File, Format Version 12.00
# Visual Studio 14
VisualStudioVersion = 14.0.25123.0
MinimumVisualStudioVersion = 10.0.40219.1
Project("{6EF1A667-ADEE-4BAB-9996-F881F2E70AA7}") = "Sitecore.Support.328114.328119", "Sitecore.Support.328114.328119\Sitecore.Support.328114.328119.csproj", "{DA48DD49-388E-46A8-89A8-BD241C08502D}"
EndProject
Global
	GlobalSection(SolutionConfigurationPlatforms) = preSolution
		Debug|Any CPU = Debug|Any CPU
		Release|Any CPU = Release|Any CPU
	EndGlobalSection
	GlobalSection(ProjectConfigurationPlatforms) = postSolution
		{DA48DD49-388E-46A8-89A8-BD241C08502D}.Debug|Any CPU.ActiveCfg = Debug|Any CPU
		{DA48DD49-388E-46A8-89A8-BD241C08502D}.Debug|Any CPU.Build.0 = Debug|Any CPU
		{DA48DD49-388E-46A8-89A8-BD241C08502D}.Release|Any CPU.ActiveCfg = Release|Any CPU
		{DA48DD49-388E-46A8-89A8-BD241C08502D}.Release|Any CPU.Build.0 = Release|Any CPU
	EndGlobalSection
	GlobalSection(SolutionProperties) = preSolution
		HideSolutionNode = FALSE
	EndGlobalSection
EndGlobal
